
Microsoft Visual Studio Solution File, Format Version 12.00
# Visual Studio Version 17
VisualStudioVersion = 17.7.34009.444
MinimumVisualStudioVersion = 10.0.40219.1
Project("{9A19103F-16F7-4668-BE54-9A1E7A4F7556}") = "PizzariaDoZe", "PizzariaDoZe.csproj", "{0B70789D-DD33-4D82-BF29-3278D1E05EE7}"
EndProject
Global
	GlobalSection(SolutionConfigurationPlatforms) = preSolution
		Debug|Any CPU = Debug|Any CPU
		Release|Any CPU = Release|Any CPU
	EndGlobalSection
	GlobalSection(ProjectConfigurationPlatforms) = postSolution
		{0B70789D-DD33-4D82-BF29-3278D1E05EE7}.Debug|Any CPU.ActiveCfg = Debug|Any CPU
		{0B70789D-DD33-4D82-BF29-3278D1E05EE7}.Debug|Any CPU.Build.0 = Debug|Any CPU
		{0B70789D-DD33-4D82-BF29-3278D1E05EE7}.Release|Any CPU.ActiveCfg = Release|Any CPU
		{0B70789D-DD33-4D82-BF29-3278D1E05EE7}.Release|Any CPU.Build.0 = Release|Any CPU
	EndGlobalSection
	GlobalSection(SolutionProperties) = preSolution
		HideSolutionNode = FALSE
	EndGlobalSection
	GlobalSection(ExtensibilityGlobals) = postSolution
		SolutionGuid = {02FC9BA8-15E7-4138-BCB5-6E1A682D752B}
	EndGlobalSection
EndGlobal
